{
  "name": "@chancedickson/react-media-query",
  "version": "0.1.0",
  "lockfileVersion": 1,
  "requires": true,
  "dependencies": {
    "@types/estree": {
      "version": "0.0.39",
      "resolved": "https://artifactory.autozone.com:443/artifactory/api/npm/npm/@types/estree/-/estree-0.0.39.tgz",
      "integrity": "sha1-4Xfmme4bjCLSMXTKqnQiZEOJUJ8=",
      "dev": true
    },
    "@types/node": {
      "version": "11.9.4",
      "resolved": "https://artifactory.autozone.com:443/artifactory/api/npm/npm/@types/node/-/node-11.9.4.tgz",
      "integrity": "sha1-zrAEilRttFP2JI8tHZXpN6bwChQ=",
      "dev": true
    },
    "acorn": {
      "version": "6.1.0",
      "resolved": "https://artifactory.autozone.com:443/artifactory/api/npm/npm/acorn/-/acorn-6.1.0.tgz",
      "integrity": "sha1-sKO+MXUsl6D3ATxfSQO3GgXbaBg=",
      "dev": true
    },
    "rollup": {
      "version": "1.2.2",
      "resolved": "https://artifactory.autozone.com:443/artifactory/api/npm/npm/rollup/-/rollup-1.2.2.tgz",
      "integrity": "sha1-lgQW0JjT26RLvmTI25RRDW5WgQQ=",
      "dev": true,
      "requires": {
        "@types/estree": "0.0.39",
        "@types/node": "*",
        "acorn": "^6.1.0"
      }
    }
  }
}
